// !$*UTF8*$!
{
	archiveVersion = 1;
	classes = {
	};
	objectVersion = 56;
	objects = {

/* Begin PBXBuildFile section */
		B00100000000000000000001 /* HSgramNativeApp.swift in Sources */ = {isa = PBXBuildFile; fileRef = F00100000000000000000001 /* HSgramNativeApp.swift */; };
		B00100000000000000000002 /* RootView.swift in Sources */ = {isa = PBXBuildFile; fileRef = F00100000000000000000002 /* RootView.swift */; };
		B00100000000000000000003 /* HSTheme.swift in Sources */ = {isa = PBXBuildFile; fileRef = F00100000000000000000003 /* HSTheme.swift */; };
		B00100000000000000000004 /* HSModels.swift in Sources */ = {isa = PBXBuildFile; fileRef = F00100000000000000000004 /* HSModels.swift */; };
		B00100000000000000000005 /* HSAPIClient.swift in Sources */ = {isa = PBXBuildFile; fileRef = F00100000000000000000005 /* HSAPIClient.swift */; };
		B00100000000000000000006 /* AuthStore.swift in Sources */ = {isa = PBXBuildFile; fileRef = F00100000000000000000006 /* AuthStore.swift */; };
		B00100000000000000000007 /* AuthView.swift in Sources */ = {isa = PBXBuildFile; fileRef = F00100000000000000000007 /* AuthView.swift */; };
		B00100000000000000000008 /* WorkspaceView.swift in Sources */ = {isa = PBXBuildFile; fileRef = F00100000000000000000008 /* WorkspaceView.swift */; };
		B00100000000000000000009 /* ChatListView.swift in Sources */ = {isa = PBXBuildFile; fileRef = F00100000000000000000009 /* ChatListView.swift */; };
		B00100000000000000000010 /* ChatThreadView.swift in Sources */ = {isa = PBXBuildFile; fileRef = F00100000000000000000010 /* ChatThreadView.swift */; };
		B00100000000000000000011 /* CirclesView.swift in Sources */ = {isa = PBXBuildFile; fileRef = F00100000000000000000011 /* CirclesView.swift */; };
		B00100000000000000000012 /* ContactsView.swift in Sources */ = {isa = PBXBuildFile; fileRef = F00100000000000000000012 /* ContactsView.swift */; };
		B00100000000000000000013 /* TrustCenterView.swift in Sources */ = {isa = PBXBuildFile; fileRef = F00100000000000000000013 /* TrustCenterView.swift */; };
		B00100000000000000000014 /* SettingsView.swift in Sources */ = {isa = PBXBuildFile; fileRef = F00100000000000000000014 /* SettingsView.swift */; };
		B00100000000000000000015 /* Assets.xcassets in Resources */ = {isa = PBXBuildFile; fileRef = F00100000000000000000015 /* Assets.xcassets */; };
		B00100000000000000000016 /* AdvancedToolsView.swift in Sources */ = {isa = PBXBuildFile; fileRef = F00100000000000000000017 /* AdvancedToolsView.swift */; };
		B00100000000000000000017 /* DevicesView.swift in Sources */ = {isa = PBXBuildFile; fileRef = F00100000000000000000018 /* DevicesView.swift */; };
/* End PBXBuildFile section */

/* Begin PBXFileReference section */
		F00100000000000000000001 /* HSgramNativeApp.swift */ = {isa = PBXFileReference; lastKnownFileType = sourcecode.swift; path = HSgramNativeApp.swift; sourceTree = "<group>"; };
		F00100000000000000000002 /* RootView.swift */ = {isa = PBXFileReference; lastKnownFileType = sourcecode.swift; path = RootView.swift; sourceTree = "<group>"; };
		F00100000000000000000003 /* HSTheme.swift */ = {isa = PBXFileReference; lastKnownFileType = sourcecode.swift; path = HSTheme.swift; sourceTree = "<group>"; };
		F00100000000000000000004 /* HSModels.swift */ = {isa = PBXFileReference; lastKnownFileType = sourcecode.swift; path = HSModels.swift; sourceTree = "<group>"; };
		F00100000000000000000005 /* HSAPIClient.swift */ = {isa = PBXFileReference; lastKnownFileType = sourcecode.swift; path = HSAPIClient.swift; sourceTree = "<group>"; };
		F00100000000000000000006 /* AuthStore.swift */ = {isa = PBXFileReference; lastKnownFileType = sourcecode.swift; path = AuthStore.swift; sourceTree = "<group>"; };
		F00100000000000000000007 /* AuthView.swift */ = {isa = PBXFileReference; lastKnownFileType = sourcecode.swift; path = AuthView.swift; sourceTree = "<group>"; };
		F00100000000000000000008 /* WorkspaceView.swift */ = {isa = PBXFileReference; lastKnownFileType = sourcecode.swift; path = WorkspaceView.swift; sourceTree = "<group>"; };
		F00100000000000000000009 /* ChatListView.swift */ = {isa = PBXFileReference; lastKnownFileType = sourcecode.swift; path = ChatListView.swift; sourceTree = "<group>"; };
		F00100000000000000000010 /* ChatThreadView.swift */ = {isa = PBXFileReference; lastKnownFileType = sourcecode.swift; path = ChatThreadView.swift; sourceTree = "<group>"; };
		F00100000000000000000011 /* CirclesView.swift */ = {isa = PBXFileReference; lastKnownFileType = sourcecode.swift; path = CirclesView.swift; sourceTree = "<group>"; };
		F00100000000000000000012 /* ContactsView.swift */ = {isa = PBXFileReference; lastKnownFileType = sourcecode.swift; path = ContactsView.swift; sourceTree = "<group>"; };
		F00100000000000000000013 /* TrustCenterView.swift */ = {isa = PBXFileReference; lastKnownFileType = sourcecode.swift; path = TrustCenterView.swift; sourceTree = "<group>"; };
		F00100000000000000000014 /* SettingsView.swift */ = {isa = PBXFileReference; lastKnownFileType = sourcecode.swift; path = SettingsView.swift; sourceTree = "<group>"; };
		F00100000000000000000015 /* Assets.xcassets */ = {isa = PBXFileReference; lastKnownFileType = folder.assetcatalog; path = Assets.xcassets; sourceTree = "<group>"; };
		F00100000000000000000016 /* HSgramNative.app */ = {isa = PBXFileReference; explicitFileType = wrapper.application; includeInIndex = 0; path = HSgramNative.app; sourceTree = BUILT_PRODUCTS_DIR; };
		F00100000000000000000017 /* AdvancedToolsView.swift */ = {isa = PBXFileReference; lastKnownFileType = sourcecode.swift; path = AdvancedToolsView.swift; sourceTree = "<group>"; };
		F00100000000000000000018 /* DevicesView.swift */ = {isa = PBXFileReference; lastKnownFileType = sourcecode.swift; path = DevicesView.swift; sourceTree = "<group>"; };
/* End PBXFileReference section */

/* Begin PBXFrameworksBuildPhase section */
		P00100000000000000000008 /* Frameworks */ = {
			isa = PBXFrameworksBuildPhase;
			buildActionMask = 2147483647;
			files = (
			);
			runOnlyForDeploymentPostprocessing = 0;
		};
/* End PBXFrameworksBuildPhase section */

/* Begin PBXGroup section */
		G00100000000000000000001 = {
			isa = PBXGroup;
			children = (
				G00100000000000000000002 /* HSgramNative */,
				G00100000000000000000012 /* Products */,
			);
			sourceTree = "<group>";
		};
		G00100000000000000000002 /* HSgramNative */ = {
			isa = PBXGroup;
			children = (
				F00100000000000000000001 /* HSgramNativeApp.swift */,
				G00100000000000000000003 /* App */,
				G00100000000000000000004 /* Auth */,
				G00100000000000000000005 /* Chats */,
				G00100000000000000000006 /* Circles */,
				G00100000000000000000007 /* Contacts */,
				G00100000000000000000008 /* Design */,
				G00100000000000000000009 /* Models */,
				G00100000000000000000010 /* Networking */,
				G00100000000000000000011 /* Settings */,
				G00100000000000000000013 /* Trust */,
				G00100000000000000000014 /* Workspace */,
				G00100000000000000000015 /* Resources */,
			);
			path = HSgramNative;
			sourceTree = "<group>";
		};
		G00100000000000000000003 /* App */ = {
			isa = PBXGroup;
			children = (
				F00100000000000000000002 /* RootView.swift */,
			);
			path = App;
			sourceTree = "<group>";
		};
		G00100000000000000000004 /* Auth */ = {
			isa = PBXGroup;
			children = (
				F00100000000000000000006 /* AuthStore.swift */,
				F00100000000000000000007 /* AuthView.swift */,
			);
			path = Auth;
			sourceTree = "<group>";
		};
		G00100000000000000000005 /* Chats */ = {
			isa = PBXGroup;
			children = (
				F00100000000000000000009 /* ChatListView.swift */,
				F00100000000000000000010 /* ChatThreadView.swift */,
			);
			path = Chats;
			sourceTree = "<group>";
		};
		G00100000000000000000006 /* Circles */ = {
			isa = PBXGroup;
			children = (
				F00100000000000000000011 /* CirclesView.swift */,
			);
			path = Circles;
			sourceTree = "<group>";
		};
		G00100000000000000000007 /* Contacts */ = {
			isa = PBXGroup;
			children = (
				F00100000000000000000012 /* ContactsView.swift */,
			);
			path = Contacts;
			sourceTree = "<group>";
		};
		G00100000000000000000008 /* Design */ = {
			isa = PBXGroup;
			children = (
				F00100000000000000000003 /* HSTheme.swift */,
			);
			path = Design;
			sourceTree = "<group>";
		};
		G00100000000000000000009 /* Models */ = {
			isa = PBXGroup;
			children = (
				F00100000000000000000004 /* HSModels.swift */,
			);
			path = Models;
			sourceTree = "<group>";
		};
		G00100000000000000000010 /* Networking */ = {
			isa = PBXGroup;
			children = (
				F00100000000000000000005 /* HSAPIClient.swift */,
			);
			path = Networking;
			sourceTree = "<group>";
		};
		G00100000000000000000011 /* Settings */ = {
			isa = PBXGroup;
			children = (
				F00100000000000000000014 /* SettingsView.swift */,
				F00100000000000000000017 /* AdvancedToolsView.swift */,
				F00100000000000000000018 /* DevicesView.swift */,
			);
			path = Settings;
			sourceTree = "<group>";
		};
		G00100000000000000000012 /* Products */ = {
			isa = PBXGroup;
			children = (
				F00100000000000000000016 /* HSgramNative.app */,
			);
			name = Products;
			sourceTree = "<group>";
		};
		G00100000000000000000013 /* Trust */ = {
			isa = PBXGroup;
			children = (
				F00100000000000000000013 /* TrustCenterView.swift */,
			);
			path = Trust;
			sourceTree = "<group>";
		};
		G00100000000000000000014 /* Workspace */ = {
			isa = PBXGroup;
			children = (
				F00100000000000000000008 /* WorkspaceView.swift */,
			);
			path = Workspace;
			sourceTree = "<group>";
		};
		G00100000000000000000015 /* Resources */ = {
			isa = PBXGroup;
			children = (
				F00100000000000000000015 /* Assets.xcassets */,
			);
			path = Resources;
			sourceTree = "<group>";
		};
/* End PBXGroup section */

/* Begin PBXNativeTarget section */
		T00100000000000000000001 /* HSgramNative */ = {
			isa = PBXNativeTarget;
			buildConfigurationList = C00100000000000000000002 /* Build configuration list for PBXNativeTarget "HSgramNative" */;
			buildPhases = (
				P00100000000000000000006 /* Sources */,
				P00100000000000000000008 /* Frameworks */,
				P00100000000000000000007 /* Resources */,
			);
			buildRules = (
			);
			dependencies = (
			);
			name = HSgramNative;
			productName = HSgramNative;
			productReference = F00100000000000000000016 /* HSgramNative.app */;
			productType = "com.apple.product-type.application";
		};
/* End PBXNativeTarget section */

/* Begin PBXProject section */
		P00100000000000000000001 /* Project object */ = {
			isa = PBXProject;
			attributes = {
				BuildIndependentTargetsInParallel = 1;
				LastSwiftUpdateCheck = 2650;
				LastUpgradeCheck = 2650;
				TargetAttributes = {
					T00100000000000000000001 = {
						CreatedOnToolsVersion = 26.5;
					};
				};
			};
			buildConfigurationList = C00100000000000000000001 /* Build configuration list for PBXProject "HSgramNative" */;
			compatibilityVersion = "Xcode 14.0";
			developmentRegion = en;
			hasScannedForEncodings = 0;
			knownRegions = (
				en,
				"zh-Hans",
			);
			mainGroup = G00100000000000000000001;
			productRefGroup = G00100000000000000000012 /* Products */;
			projectDirPath = "";
			projectRoot = "";
			targets = (
				T00100000000000000000001 /* HSgramNative */,
			);
		};
/* End PBXProject section */

/* Begin PBXResourcesBuildPhase section */
		P00100000000000000000007 /* Resources */ = {
			isa = PBXResourcesBuildPhase;
			buildActionMask = 2147483647;
			files = (
				B00100000000000000000015 /* Assets.xcassets in Resources */,
			);
			runOnlyForDeploymentPostprocessing = 0;
		};
/* End PBXResourcesBuildPhase section */

/* Begin PBXSourcesBuildPhase section */
		P00100000000000000000006 /* Sources */ = {
			isa = PBXSourcesBuildPhase;
			buildActionMask = 2147483647;
			files = (
				B00100000000000000000001 /* HSgramNativeApp.swift in Sources */,
				B00100000000000000000002 /* RootView.swift in Sources */,
				B00100000000000000000003 /* HSTheme.swift in Sources */,
				B00100000000000000000004 /* HSModels.swift in Sources */,
				B00100000000000000000005 /* HSAPIClient.swift in Sources */,
				B00100000000000000000006 /* AuthStore.swift in Sources */,
				B00100000000000000000007 /* AuthView.swift in Sources */,
				B00100000000000000000008 /* WorkspaceView.swift in Sources */,
				B00100000000000000000009 /* ChatListView.swift in Sources */,
				B00100000000000000000010 /* ChatThreadView.swift in Sources */,
				B00100000000000000000011 /* CirclesView.swift in Sources */,
				B00100000000000000000012 /* ContactsView.swift in Sources */,
				B00100000000000000000013 /* TrustCenterView.swift in Sources */,
				B00100000000000000000014 /* SettingsView.swift in Sources */,
				B00100000000000000000016 /* AdvancedToolsView.swift in Sources */,
				B00100000000000000000017 /* DevicesView.swift in Sources */,
			);
			runOnlyForDeploymentPostprocessing = 0;
		};
/* End PBXSourcesBuildPhase section */

/* Begin XCBuildConfiguration section */
		C00100000000000000000003 /* Debug */ = {
			isa = XCBuildConfiguration;
			buildSettings = {
				ALWAYS_SEARCH_USER_PATHS = NO;
				CLANG_ANALYZER_NONNULL = YES;
				CLANG_ANALYZER_NUMBER_OBJECT_CONVERSION = YES_AGGRESSIVE;
				CLANG_CXX_LANGUAGE_STANDARD = "gnu++20";
				CLANG_ENABLE_MODULES = YES;
				CLANG_ENABLE_OBJC_ARC = YES;
				CLANG_ENABLE_OBJC_WEAK = YES;
				CLANG_WARN_BLOCK_CAPTURE_AUTORELEASING = YES;
				CLANG_WARN_BOOL_CONVERSION = YES;
				CLANG_WARN_COMMA = YES;
				CLANG_WARN_CONSTANT_CONVERSION = YES;
				CLANG_WARN_DEPRECATED_OBJC_IMPLEMENTATIONS = YES;
				CLANG_WARN_DIRECT_OBJC_ISA_USAGE = YES_ERROR;
				CLANG_WARN_DOCUMENTATION_COMMENTS = YES;
				CLANG_WARN_EMPTY_BODY = YES;
				CLANG_WARN_ENUM_CONVERSION = YES;
				CLANG_WARN_INFINITE_RECURSION = YES;
				CLANG_WARN_INT_CONVERSION = YES;
				CLANG_WARN_NON_LITERAL_NULL_CONVERSION = YES;
				CLANG_WARN_OBJC_IMPLICIT_RETAIN_SELF = YES;
				CLANG_WARN_OBJC_LITERAL_CONVERSION = YES;
				CLANG_WARN_OBJC_ROOT_CLASS = YES_ERROR;
				CLANG_WARN_QUOTED_INCLUDE_IN_FRAMEWORK_HEADER = YES;
				CLANG_WARN_RANGE_LOOP_ANALYSIS = YES;
				CLANG_WARN_STRICT_PROTOTYPES = YES;
				CLANG_WARN_SUSPICIOUS_MOVE = YES;
				CLANG_WARN_UNGUARDED_AVAILABILITY = YES_AGGRESSIVE;
				CLANG_WARN_UNREACHABLE_CODE = YES;
				CLANG_WARN__DUPLICATE_METHOD_MATCH = YES;
				COPY_PHASE_STRIP = NO;
				DEBUG_INFORMATION_FORMAT = dwarf;
				ENABLE_STRICT_OBJC_MSGSEND = YES;
				ENABLE_TESTABILITY = YES;
				ENABLE_USER_SCRIPT_SANDBOXING = YES;
				GCC_C_LANGUAGE_STANDARD = gnu17;
				GCC_DYNAMIC_NO_PIC = NO;
				GCC_NO_COMMON_BLOCKS = YES;
				GCC_OPTIMIZATION_LEVEL = 0;
				GCC_PREPROCESSOR_DEFINITIONS = (
					"DEBUG=1",
					"$(inherited)",
				);
				GCC_WARN_64_TO_32_BIT_CONVERSION = YES;
				GCC_WARN_ABOUT_RETURN_TYPE = YES_ERROR;
				GCC_WARN_UNDECLARED_SELECTOR = YES;
				GCC_WARN_UNINITIALIZED_AUTOS = YES_AGGRESSIVE;
				GCC_WARN_UNUSED_FUNCTION = YES;
				GCC_WARN_UNUSED_VARIABLE = YES;
				IPHONEOS_DEPLOYMENT_TARGET = 16.0;
				MTL_ENABLE_DEBUG_INFO = INCLUDE_SOURCE;
				MTL_FAST_MATH = YES;
				ONLY_ACTIVE_ARCH = YES;
				SDKROOT = iphoneos;
				SWIFT_ACTIVE_COMPILATION_CONDITIONS = DEBUG;
				SWIFT_OPTIMIZATION_LEVEL = "-Onone";
			};
			name = Debug;
		};
		C00100000000000000000004 /* Release */ = {
			isa = XCBuildConfiguration;
			buildSettings = {
				ALWAYS_SEARCH_USER_PATHS = NO;
				CLANG_ANALYZER_NONNULL = YES;
				CLANG_ANALYZER_NUMBER_OBJECT_CONVERSION = YES_AGGRESSIVE;
				CLANG_CXX_LANGUAGE_STANDARD = "gnu++20";
				CLANG_ENABLE_MODULES = YES;
				CLANG_ENABLE_OBJC_ARC = YES;
				CLANG_ENABLE_OBJC_WEAK = YES;
				CLANG_WARN_BLOCK_CAPTURE_AUTORELEASING = YES;
				CLANG_WARN_BOOL_CONVERSION = YES;
				CLANG_WARN_COMMA = YES;
				CLANG_WARN_CONSTANT_CONVERSION = YES;
				CLANG_WARN_DEPRECATED_OBJC_IMPLEMENTATIONS = YES;
				CLANG_WARN_DIRECT_OBJC_ISA_USAGE = YES_ERROR;
				CLANG_WARN_DOCUMENTATION_COMMENTS = YES;
				CLANG_WARN_EMPTY_BODY = YES;
				CLANG_WARN_ENUM_CONVERSION = YES;
				CLANG_WARN_INFINITE_RECURSION = YES;
				CLANG_WARN_INT_CONVERSION = YES;
				CLANG_WARN_NON_LITERAL_NULL_CONVERSION = YES_AGGRESSIVE;
				CLANG_WARN_OBJC_IMPLICIT_RETAIN_SELF = YES;
				CLANG_WARN_OBJC_LITERAL_CONVERSION = YES;
				CLANG_WARN_OBJC_ROOT_CLASS = YES_ERROR;
				CLANG_WARN_QUOTED_INCLUDE_IN_FRAMEWORK_HEADER = YES;
				CLANG_WARN_RANGE_LOOP_ANALYSIS = YES;
				CLANG_WARN_STRICT_PROTOTYPES = YES;
				CLANG_WARN_SUSPICIOUS_MOVE = YES;
				CLANG_WARN_UNGUARDED_AVAILABILITY = YES_AGGRESSIVE;
				CLANG_WARN_UNREACHABLE_CODE = YES;
				CLANG_WARN__DUPLICATE_METHOD_MATCH = YES;
				COPY_PHASE_STRIP = NO;
				DEBUG_INFORMATION_FORMAT = "dwarf-with-dsym";
				ENABLE_NS_ASSERTIONS = NO;
				ENABLE_STRICT_OBJC_MSGSEND = YES;
				ENABLE_USER_SCRIPT_SANDBOXING = YES;
				GCC_C_LANGUAGE_STANDARD = gnu17;
				GCC_NO_COMMON_BLOCKS = YES;
				GCC_WARN_64_TO_32_BIT_CONVERSION = YES;
				GCC_WARN_ABOUT_RETURN_TYPE = YES_ERROR;
				GCC_WARN_UNDECLARED_SELECTOR = YES;
				GCC_WARN_UNINITIALIZED_AUTOS = YES_AGGRESSIVE;
				GCC_WARN_UNUSED_FUNCTION = YES;
				GCC_WARN_UNUSED_VARIABLE = YES;
				IPHONEOS_DEPLOYMENT_TARGET = 16.0;
				MTL_ENABLE_DEBUG_INFO = NO;
				MTL_FAST_MATH = YES;
				SDKROOT = iphoneos;
				SWIFT_COMPILATION_MODE = wholemodule;
				VALIDATE_PRODUCT = YES;
			};
			name = Release;
		};
		C00100000000000000000005 /* Debug */ = {
			isa = XCBuildConfiguration;
			buildSettings = {
				ASSETCATALOG_COMPILER_GLOBAL_ACCENT_COLOR_NAME = AccentColor;
				CODE_SIGN_STYLE = Automatic;
				CURRENT_PROJECT_VERSION = 1;
				DEVELOPMENT_ASSET_PATHS = "";
				ENABLE_PREVIEWS = YES;
				GENERATE_INFOPLIST_FILE = YES;
				INFOPLIST_KEY_CFBundleDisplayName = HSgram;
				INFOPLIST_KEY_LSApplicationCategoryType = "public.app-category.social-networking";
				INFOPLIST_KEY_UIApplicationSceneManifest_Generation = YES;
				INFOPLIST_KEY_UIApplicationSupportsIndirectInputEvents = YES;
				INFOPLIST_KEY_UILaunchScreen_Generation = YES;
				IPHONEOS_DEPLOYMENT_TARGET = 16.0;
				MARKETING_VERSION = 3.0;
				PRODUCT_BUNDLE_IDENTIFIER = com.hsgram.app;
				PRODUCT_NAME = "$(TARGET_NAME)";
				SUPPORTED_PLATFORMS = "iphoneos iphonesimulator";
				SUPPORTS_MACCATALYST = NO;
				SUPPORTS_MAC_DESIGNED_FOR_IPHONE_IPAD = NO;
				SWIFT_EMIT_LOC_STRINGS = YES;
				SWIFT_VERSION = 5.0;
				TARGETED_DEVICE_FAMILY = "1,2";
			};
			name = Debug;
		};
		C00100000000000000000006 /* Release */ = {
			isa = XCBuildConfiguration;
			buildSettings = {
				ASSETCATALOG_COMPILER_GLOBAL_ACCENT_COLOR_NAME = AccentColor;
				CODE_SIGN_STYLE = Automatic;
				CURRENT_PROJECT_VERSION = 1;
				DEVELOPMENT_ASSET_PATHS = "";
				ENABLE_PREVIEWS = YES;
				GENERATE_INFOPLIST_FILE = YES;
				INFOPLIST_KEY_CFBundleDisplayName = HSgram;
				INFOPLIST_KEY_LSApplicationCategoryType = "public.app-category.social-networking";
				INFOPLIST_KEY_UIApplicationSceneManifest_Generation = YES;
				INFOPLIST_KEY_UIApplicationSupportsIndirectInputEvents = YES;
				INFOPLIST_KEY_UILaunchScreen_Generation = YES;
				IPHONEOS_DEPLOYMENT_TARGET = 16.0;
				MARKETING_VERSION = 3.0;
				PRODUCT_BUNDLE_IDENTIFIER = com.hsgram.app;
				PRODUCT_NAME = "$(TARGET_NAME)";
				SUPPORTED_PLATFORMS = "iphoneos iphonesimulator";
				SUPPORTS_MACCATALYST = NO;
				SUPPORTS_MAC_DESIGNED_FOR_IPHONE_IPAD = NO;
				SWIFT_EMIT_LOC_STRINGS = YES;
				SWIFT_VERSION = 5.0;
				TARGETED_DEVICE_FAMILY = "1,2";
			};
			name = Release;
		};
/* End XCBuildConfiguration section */

/* Begin XCConfigurationList section */
		C00100000000000000000001 /* Build configuration list for PBXProject "HSgramNative" */ = {
			isa = XCConfigurationList;
			buildConfigurations = (
				C00100000000000000000003 /* Debug */,
				C00100000000000000000004 /* Release */,
			);
			defaultConfigurationIsVisible = 0;
			defaultConfigurationName = Release;
		};
		C00100000000000000000002 /* Build configuration list for PBXNativeTarget "HSgramNative" */ = {
			isa = XCConfigurationList;
			buildConfigurations = (
				C00100000000000000000005 /* Debug */,
				C00100000000000000000006 /* Release */,
			);
			defaultConfigurationIsVisible = 0;
			defaultConfigurationName = Release;
		};
/* End XCConfigurationList section */
	};
	rootObject = P00100000000000000000001 /* Project object */;
}
